{
  "name": "CollegeShare",
  "requires": true,
  "lockfileVersion": 1,
  "dependencies": {
    "admin-lte": {
      "version": "2.3.11",
      "resolved": "https://registry.npmjs.org/admin-lte/-/admin-lte-2.3.11.tgz",
      "integrity": "sha1-2lbc001C6e8a82K+FVIKBTqdQ9s=",
      "dev": true
    }
  }
}
